
Microsoft Visual Studio Solution File, Format Version 12.00
# Visual Studio Version 16
VisualStudioVersion = 16.0.32002.261
MinimumVisualStudioVersion = 10.0.40219.1
Project("{9A19103F-16F7-4668-BE54-9A1E7A4F7556}") = "HospitalManagementMediWell", "HospitalManagementMediWell\HospitalManagementMediWell.csproj", "{AFED7966-A3F2-45FC-8CF5-C3DB4C3F2E0A}"
EndProject
Project("{9A19103F-16F7-4668-BE54-9A1E7A4F7556}") = "Core", "Core\Core.csproj", "{5E2B29B6-9F66-4224-A59D-DCD6986D6CDE}"
EndProject
Project("{9A19103F-16F7-4668-BE54-9A1E7A4F7556}") = "Data", "Data\Data.csproj", "{31AD5CE9-9687-4C1C-8AD4-25D7D0491B69}"
EndProject
Project("{FAE04EC0-301F-11D3-BF4B-00C04F79EFBC}") = "Business", "Business\Business.csproj", "{18AF0BD5-C0D1-450D-9AF7-C4D13D7DF42D}"
EndProject
Global
	GlobalSection(SolutionConfigurationPlatforms) = preSolution
		Debug|Any CPU = Debug|Any CPU
		Release|Any CPU = Release|Any CPU
	EndGlobalSection
	GlobalSection(ProjectConfigurationPlatforms) = postSolution
		{AFED7966-A3F2-45FC-8CF5-C3DB4C3F2E0A}.Debug|Any CPU.ActiveCfg = Debug|Any CPU
		{AFED7966-A3F2-45FC-8CF5-C3DB4C3F2E0A}.Debug|Any CPU.Build.0 = Debug|Any CPU
		{AFED7966-A3F2-45FC-8CF5-C3DB4C3F2E0A}.Release|Any CPU.ActiveCfg = Release|Any CPU
		{AFED7966-A3F2-45FC-8CF5-C3DB4C3F2E0A}.Release|Any CPU.Build.0 = Release|Any CPU
		{5E2B29B6-9F66-4224-A59D-DCD6986D6CDE}.Debug|Any CPU.ActiveCfg = Debug|Any CPU
		{5E2B29B6-9F66-4224-A59D-DCD6986D6CDE}.Debug|Any CPU.Build.0 = Debug|Any CPU
		{5E2B29B6-9F66-4224-A59D-DCD6986D6CDE}.Release|Any CPU.ActiveCfg = Release|Any CPU
		{5E2B29B6-9F66-4224-A59D-DCD6986D6CDE}.Release|Any CPU.Build.0 = Release|Any CPU
		{31AD5CE9-9687-4C1C-8AD4-25D7D0491B69}.Debug|Any CPU.ActiveCfg = Debug|Any CPU
		{31AD5CE9-9687-4C1C-8AD4-25D7D0491B69}.Debug|Any CPU.Build.0 = Debug|Any CPU
		{31AD5CE9-9687-4C1C-8AD4-25D7D0491B69}.Release|Any CPU.ActiveCfg = Release|Any CPU
		{31AD5CE9-9687-4C1C-8AD4-25D7D0491B69}.Release|Any CPU.Build.0 = Release|Any CPU
		{18AF0BD5-C0D1-450D-9AF7-C4D13D7DF42D}.Debug|Any CPU.ActiveCfg = Debug|Any CPU
		{18AF0BD5-C0D1-450D-9AF7-C4D13D7DF42D}.Debug|Any CPU.Build.0 = Debug|Any CPU
		{18AF0BD5-C0D1-450D-9AF7-C4D13D7DF42D}.Release|Any CPU.ActiveCfg = Release|Any CPU
		{18AF0BD5-C0D1-450D-9AF7-C4D13D7DF42D}.Release|Any CPU.Build.0 = Release|Any CPU
	EndGlobalSection
	GlobalSection(SolutionProperties) = preSolution
		HideSolutionNode = FALSE
	EndGlobalSection
	GlobalSection(ExtensibilityGlobals) = postSolution
		SolutionGuid = {4580EBA3-0275-43A5-9F52-4F572219E4DA}
	EndGlobalSection
EndGlobal
